
Microsoft Visual Studio Solution File, Format Version 12.00
# Visual Studio Version 17
VisualStudioVersion = 17.5.002.0
MinimumVisualStudioVersion = 10.0.40219.1
Project("{9A19103F-16F7-4668-BE54-9A1E7A4F7556}") = "studies", "studies.csproj", "{A8B7107F-A45B-4EF3-ABD0-112FE8AD8C7E}"
EndProject
Global
	GlobalSection(SolutionConfigurationPlatforms) = preSolution
		Debug|Any CPU = Debug|Any CPU
		Release|Any CPU = Release|Any CPU
	EndGlobalSection
	GlobalSection(ProjectConfigurationPlatforms) = postSolution
		{A8B7107F-A45B-4EF3-ABD0-112FE8AD8C7E}.Debug|Any CPU.ActiveCfg = Debug|Any CPU
		{A8B7107F-A45B-4EF3-ABD0-112FE8AD8C7E}.Debug|Any CPU.Build.0 = Debug|Any CPU
		{A8B7107F-A45B-4EF3-ABD0-112FE8AD8C7E}.Release|Any CPU.ActiveCfg = Release|Any CPU
		{A8B7107F-A45B-4EF3-ABD0-112FE8AD8C7E}.Release|Any CPU.Build.0 = Release|Any CPU
	EndGlobalSection
	GlobalSection(SolutionProperties) = preSolution
		HideSolutionNode = FALSE
	EndGlobalSection
	GlobalSection(ExtensibilityGlobals) = postSolution
		SolutionGuid = {64516EAF-EE07-4750-BABF-5A750EAD71F7}
	EndGlobalSection
EndGlobal
